
Microsoft Visual Studio Solution File, Format Version 12.00
# Visual Studio Version 17
VisualStudioVersion = 17.10.34928.147
MinimumVisualStudioVersion = 10.0.40219.1
Project("{FAE04EC0-301F-11D3-BF4B-00C04F79EFBC}") = "E-comManager", "E-comManager\E-comManager.csproj", "{BCE35FB6-6EC9-4218-8932-CCBC488F2AA4}"
EndProject
Global
	GlobalSection(SolutionConfigurationPlatforms) = preSolution
		Debug|Any CPU = Debug|Any CPU
		Release|Any CPU = Release|Any CPU
	EndGlobalSection
	GlobalSection(ProjectConfigurationPlatforms) = postSolution
		{BCE35FB6-6EC9-4218-8932-CCBC488F2AA4}.Debug|Any CPU.ActiveCfg = Debug|Any CPU
		{BCE35FB6-6EC9-4218-8932-CCBC488F2AA4}.Debug|Any CPU.Build.0 = Debug|Any CPU
		{BCE35FB6-6EC9-4218-8932-CCBC488F2AA4}.Release|Any CPU.ActiveCfg = Release|Any CPU
		{BCE35FB6-6EC9-4218-8932-CCBC488F2AA4}.Release|Any CPU.Build.0 = Release|Any CPU
	EndGlobalSection
	GlobalSection(SolutionProperties) = preSolution
		HideSolutionNode = FALSE
	EndGlobalSection
	GlobalSection(ExtensibilityGlobals) = postSolution
		SolutionGuid = {647BEB9C-6604-41A2-8776-D29315B48C47}
	EndGlobalSection
EndGlobal
